
Microsoft Visual Studio Solution File, Format Version 11.00
# Visual Studio 2010
Project("{8BC9CEB8-8B4A-11D0-8D11-00A0C91BC942}") = "Bot", "Bot.vcxproj", "{66DBE43F-42FC-4FB7-8A97-5ED7055F2407}"
EndProject
Global
	GlobalSection(SolutionConfigurationPlatforms) = preSolution
		Debug|Win32 = Debug|Win32
		Release|Win32 = Release|Win32
	EndGlobalSection
	GlobalSection(ProjectConfigurationPlatforms) = postSolution
		{66DBE43F-42FC-4FB7-8A97-5ED7055F2407}.Debug|Win32.ActiveCfg = Debug|Win32
		{66DBE43F-42FC-4FB7-8A97-5ED7055F2407}.Debug|Win32.Build.0 = Debug|Win32
		{66DBE43F-42FC-4FB7-8A97-5ED7055F2407}.Release|Win32.ActiveCfg = Release|Win32
		{66DBE43F-42FC-4FB7-8A97-5ED7055F2407}.Release|Win32.Build.0 = Release|Win32
	EndGlobalSection
	GlobalSection(SolutionProperties) = preSolution
		HideSolutionNode = FALSE
	EndGlobalSection
EndGlobal
